// !$*UTF8*$!
{
	archiveVersion = 1;
	classes = {
	};
	objectVersion = 50;
	objects = {

/* Begin PBXBuildFile section */
		8959CC83248E3007000AE96A /* AppDelegate.swift in Sources */ = {isa = PBXBuildFile; fileRef = 8959CC82248E3007000AE96A /* AppDelegate.swift */; };
		8959CC85248E3008000AE96A /* SceneDelegate.swift in Sources */ = {isa = PBXBuildFile; fileRef = 8959CC84248E3008000AE96A /* SceneDelegate.swift */; };
		8959CC87248E3008000AE96A /* ViewController.swift in Sources */ = {isa = PBXBuildFile; fileRef = 8959CC86248E3008000AE96A /* ViewController.swift */; };
		8959CC8A248E3008000AE96A /* Main.storyboard in Resources */ = {isa = PBXBuildFile; fileRef = 8959CC88248E3008000AE96A /* Main.storyboard */; };
		8959CC8C248E300A000AE96A /* Assets.xcassets in Resources */ = {isa = PBXBuildFile; fileRef = 8959CC8B248E300A000AE96A /* Assets.xcassets */; };
		8959CC8F248E300A000AE96A /* LaunchScreen.storyboard in Resources */ = {isa = PBXBuildFile; fileRef = 8959CC8D248E300A000AE96A /* LaunchScreen.storyboard */; };
		895E81D2249AF38400B7E548 /* TwoLineNavBarViewController.swift in Sources */ = {isa = PBXBuildFile; fileRef = 895E81D1249AF38400B7E548 /* TwoLineNavBarViewController.swift */; };
		895E81D5249AF84D00B7E548 /* WebKit.framework in Frameworks */ = {isa = PBXBuildFile; fileRef = 895E81D4249AF84D00B7E548 /* WebKit.framework */; };
		895E81D7249B028800B7E548 /* swift_logo@3x.png in Resources */ = {isa = PBXBuildFile; fileRef = 895E81D6249B028800B7E548 /* swift_logo@3x.png */; };
		89854F0C2496F92200D3D6C0 /* arrow-back@2x.png in Resources */ = {isa = PBXBuildFile; fileRef = 89854F092496F92100D3D6C0 /* arrow-back@2x.png */; };
		89854F0D2496F92200D3D6C0 /* more@2x.png in Resources */ = {isa = PBXBuildFile; fileRef = 89854F0A2496F92100D3D6C0 /* more@2x.png */; };
/* End PBXBuildFile section */

/* Begin PBXFileReference section */
		8959CC7F248E3007000AE96A /* CustomNavigationBar.app */ = {isa = PBXFileReference; explicitFileType = wrapper.application; includeInIndex = 0; path = CustomNavigationBar.app; sourceTree = BUILT_PRODUCTS_DIR; };
		8959CC82248E3007000AE96A /* AppDelegate.swift */ = {isa = PBXFileReference; lastKnownFileType = sourcecode.swift; path = AppDelegate.swift; sourceTree = "<group>"; };
		8959CC84248E3008000AE96A /* SceneDelegate.swift */ = {isa = PBXFileReference; lastKnownFileType = sourcecode.swift; path = SceneDelegate.swift; sourceTree = "<group>"; };
		8959CC86248E3008000AE96A /* ViewController.swift */ = {isa = PBXFileReference; lastKnownFileType = sourcecode.swift; path = ViewController.swift; sourceTree = "<group>"; };
		8959CC89248E3008000AE96A /* Base */ = {isa = PBXFileReference; lastKnownFileType = file.storyboard; name = Base; path = Base.lproj/Main.storyboard; sourceTree = "<group>"; };
		8959CC8B248E300A000AE96A /* Assets.xcassets */ = {isa = PBXFileReference; lastKnownFileType = folder.assetcatalog; path = Assets.xcassets; sourceTree = "<group>"; };
		8959CC8E248E300A000AE96A /* Base */ = {isa = PBXFileReference; lastKnownFileType = file.storyboard; name = Base; path = Base.lproj/LaunchScreen.storyboard; sourceTree = "<group>"; };
		8959CC90248E300A000AE96A /* Info.plist */ = {isa = PBXFileReference; lastKnownFileType = text.plist.xml; path = Info.plist; sourceTree = "<group>"; };
		895E81D1249AF38400B7E548 /* TwoLineNavBarViewController.swift */ = {isa = PBXFileReference; lastKnownFileType = sourcecode.swift; path = TwoLineNavBarViewController.swift; sourceTree = "<group>"; };
		895E81D4249AF84D00B7E548 /* WebKit.framework */ = {isa = PBXFileReference; lastKnownFileType = wrapper.framework; name = WebKit.framework; path = System/Library/Frameworks/WebKit.framework; sourceTree = SDKROOT; };
		895E81D6249B028800B7E548 /* swift_logo@3x.png */ = {isa = PBXFileReference; lastKnownFileType = image.png; name = "swift_logo@3x.png"; path = "../../swift_logo@3x.png"; sourceTree = "<group>"; };
		89854F092496F92100D3D6C0 /* arrow-back@2x.png */ = {isa = PBXFileReference; lastKnownFileType = image.png; path = "arrow-back@2x.png"; sourceTree = "<group>"; };
		89854F0A2496F92100D3D6C0 /* more@2x.png */ = {isa = PBXFileReference; lastKnownFileType = image.png; path = "more@2x.png"; sourceTree = "<group>"; };
/* End PBXFileReference section */

/* Begin PBXFrameworksBuildPhase section */
		8959CC7C248E3007000AE96A /* Frameworks */ = {
			isa = PBXFrameworksBuildPhase;
			buildActionMask = 2147483647;
			files = (
				895E81D5249AF84D00B7E548 /* WebKit.framework in Frameworks */,
			);
			runOnlyForDeploymentPostprocessing = 0;
		};
/* End PBXFrameworksBuildPhase section */

/* Begin PBXGroup section */
		8959CC76248E3007000AE96A = {
			isa = PBXGroup;
			children = (
				89854F082496F91000D3D6C0 /* Resources */,
				8959CC81248E3007000AE96A /* CustomNavigationBar */,
				8959CC80248E3007000AE96A /* Products */,
				895E81D3249AF84C00B7E548 /* Frameworks */,
			);
			sourceTree = "<group>";
		};
		8959CC80248E3007000AE96A /* Products */ = {
			isa = PBXGroup;
			children = (
				8959CC7F248E3007000AE96A /* CustomNavigationBar.app */,
			);
			name = Products;
			sourceTree = "<group>";
		};
		8959CC81248E3007000AE96A /* CustomNavigationBar */ = {
			isa = PBXGroup;
			children = (
				8959CC82248E3007000AE96A /* AppDelegate.swift */,
				8959CC84248E3008000AE96A /* SceneDelegate.swift */,
				8959CC86248E3008000AE96A /* ViewController.swift */,
				895E81D1249AF38400B7E548 /* TwoLineNavBarViewController.swift */,
				8959CC88248E3008000AE96A /* Main.storyboard */,
				8959CC8B248E300A000AE96A /* Assets.xcassets */,
				8959CC8D248E300A000AE96A /* LaunchScreen.storyboard */,
				8959CC90248E300A000AE96A /* Info.plist */,
			);
			path = CustomNavigationBar;
			sourceTree = "<group>";
		};
		895E81D3249AF84C00B7E548 /* Frameworks */ = {
			isa = PBXGroup;
			children = (
				895E81D4249AF84D00B7E548 /* WebKit.framework */,
			);
			name = Frameworks;
			sourceTree = "<group>";
		};
		89854F082496F91000D3D6C0 /* Resources */ = {
			isa = PBXGroup;
			children = (
				89854F092496F92100D3D6C0 /* arrow-back@2x.png */,
				89854F0A2496F92100D3D6C0 /* more@2x.png */,
				895E81D6249B028800B7E548 /* swift_logo@3x.png */,
			);
			path = Resources;
			sourceTree = "<group>";
		};
/* End PBXGroup section */

/* Begin PBXNativeTarget section */
		8959CC7E248E3007000AE96A /* CustomNavigationBar */ = {
			isa = PBXNativeTarget;
			buildConfigurationList = 8959CC93248E300A000AE96A /* Build configuration list for PBXNativeTarget "CustomNavigationBar" */;
			buildPhases = (
				8959CC7B248E3007000AE96A /* Sources */,
				8959CC7C248E3007000AE96A /* Frameworks */,
				8959CC7D248E3007000AE96A /* Resources */,
			);
			buildRules = (
			);
			dependencies = (
			);
			name = CustomNavigationBar;
			productName = CustomNavigationBar;
			productReference = 8959CC7F248E3007000AE96A /* CustomNavigationBar.app */;
			productType = "com.apple.product-type.application";
		};
/* End PBXNativeTarget section */

/* Begin PBXProject section */
		8959CC77248E3007000AE96A /* Project object */ = {
			isa = PBXProject;
			attributes = {
				LastSwiftUpdateCheck = 1140;
				LastUpgradeCheck = 1140;
				ORGANIZATIONNAME = "Jeongbae Kong";
				TargetAttributes = {
					8959CC7E248E3007000AE96A = {
						CreatedOnToolsVersion = 11.4.1;
					};
				};
			};
			buildConfigurationList = 8959CC7A248E3007000AE96A /* Build configuration list for PBXProject "CustomNavigationBar" */;
			compatibilityVersion = "Xcode 9.3";
			developmentRegion = en;
			hasScannedForEncodings = 0;
			knownRegions = (
				en,
				Base,
			);
			mainGroup = 8959CC76248E3007000AE96A;
			productRefGroup = 8959CC80248E3007000AE96A /* Products */;
			projectDirPath = "";
			projectRoot = "";
			targets = (
				8959CC7E248E3007000AE96A /* CustomNavigationBar */,
			);
		};
/* End PBXProject section */

/* Begin PBXResourcesBuildPhase section */
		8959CC7D248E3007000AE96A /* Resources */ = {
			isa = PBXResourcesBuildPhase;
			buildActionMask = 2147483647;
			files = (
				8959CC8F248E300A000AE96A /* LaunchScreen.storyboard in Resources */,
				8959CC8C248E300A000AE96A /* Assets.xcassets in Resources */,
				8959CC8A248E3008000AE96A /* Main.storyboard in Resources */,
				89854F0C2496F92200D3D6C0 /* arrow-back@2x.png in Resources */,
				89854F0D2496F92200D3D6C0 /* more@2x.png in Resources */,
				895E81D7249B028800B7E548 /* swift_logo@3x.png in Resources */,
			);
			runOnlyForDeploymentPostprocessing = 0;
		};
/* End PBXResourcesBuildPhase section */

/* Begin PBXSourcesBuildPhase section */
		8959CC7B248E3007000AE96A /* Sources */ = {
			isa = PBXSourcesBuildPhase;
			buildActionMask = 2147483647;
			files = (
				8959CC87248E3008000AE96A /* ViewController.swift in Sources */,
				895E81D2249AF38400B7E548 /* TwoLineNavBarViewController.swift in Sources */,
				8959CC83248E3007000AE96A /* AppDelegate.swift in Sources */,
				8959CC85248E3008000AE96A /* SceneDelegate.swift in Sources */,
			);
			runOnlyForDeploymentPostprocessing = 0;
		};
/* End PBXSourcesBuildPhase section */

/* Begin PBXVariantGroup section */
		8959CC88248E3008000AE96A /* Main.storyboard */ = {
			isa = PBXVariantGroup;
			children = (
				8959CC89248E3008000AE96A /* Base */,
			);
			name = Main.storyboard;
			sourceTree = "<group>";
		};
		8959CC8D248E300A000AE96A /* LaunchScreen.storyboard */ = {
			isa = PBXVariantGroup;
			children = (
				8959CC8E248E300A000AE96A /* Base */,
			);
			name = LaunchScreen.storyboard;
			sourceTree = "<group>";
		};
/* End PBXVariantGroup section */

/* Begin XCBuildConfiguration section */
		8959CC91248E300A000AE96A /* Debug */ = {
			isa = XCBuildConfiguration;
			buildSettings = {
				ALWAYS_SEARCH_USER_PATHS = NO;
				CLANG_ANALYZER_NONNULL = YES;
				CLANG_ANALYZER_NUMBER_OBJECT_CONVERSION = YES_AGGRESSIVE;
				CLANG_CXX_LANGUAGE_STANDARD = "gnu++14";
				CLANG_CXX_LIBRARY = "libc++";
				CLANG_ENABLE_MODULES = YES;
				CLANG_ENABLE_OBJC_ARC = YES;
				CLANG_ENABLE_OBJC_WEAK = YES;
				CLANG_WARN_BLOCK_CAPTURE_AUTORELEASING = YES;
				CLANG_WARN_BOOL_CONVERSION = YES;
				CLANG_WARN_COMMA = YES;
				CLANG_WARN_CONSTANT_CONVERSION = YES;
				CLANG_WARN_DEPRECATED_OBJC_IMPLEMENTATIONS = YES;
				CLANG_WARN_DIRECT_OBJC_ISA_USAGE = YES_ERROR;
				CLANG_WARN_DOCUMENTATION_COMMENTS = YES;
				CLANG_WARN_EMPTY_BODY = YES;
				CLANG_WARN_ENUM_CONVERSION = YES;
				CLANG_WARN_INFINITE_RECURSION = YES;
				CLANG_WARN_INT_CONVERSION = YES;
				CLANG_WARN_NON_LITERAL_NULL_CONVERSION = YES;
				CLANG_WARN_OBJC_IMPLICIT_RETAIN_SELF = YES;
				CLANG_WARN_OBJC_LITERAL_CONVERSION = YES;
				CLANG_WARN_OBJC_ROOT_CLASS = YES_ERROR;
				CLANG_WARN_RANGE_LOOP_ANALYSIS = YES;
				CLANG_WARN_STRICT_PROTOTYPES = YES;
				CLANG_WARN_SUSPICIOUS_MOVE = YES;
				CLANG_WARN_UNGUARDED_AVAILABILITY = YES_AGGRESSIVE;
				CLANG_WARN_UNREACHABLE_CODE = YES;
				CLANG_WARN__DUPLICATE_METHOD_MATCH = YES;
				COPY_PHASE_STRIP = NO;
				DEBUG_INFORMATION_FORMAT = dwarf;
				ENABLE_STRICT_OBJC_MSGSEND = YES;
				ENABLE_TESTABILITY = YES;
				GCC_C_LANGUAGE_STANDARD = gnu11;
				GCC_DYNAMIC_NO_PIC = NO;
				GCC_NO_COMMON_BLOCKS = YES;
				GCC_OPTIMIZATION_LEVEL = 0;
				GCC_PREPROCESSOR_DEFINITIONS = (
					"DEBUG=1",
					"$(inherited)",
				);
				GCC_WARN_64_TO_32_BIT_CONVERSION = YES;
				GCC_WARN_ABOUT_RETURN_TYPE = YES_ERROR;
				GCC_WARN_UNDECLARED_SELECTOR = YES;
				GCC_WARN_UNINITIALIZED_AUTOS = YES_AGGRESSIVE;
				GCC_WARN_UNUSED_FUNCTION = YES;
				GCC_WARN_UNUSED_VARIABLE = YES;
				IPHONEOS_DEPLOYMENT_TARGET = 13.4;
				MTL_ENABLE_DEBUG_INFO = INCLUDE_SOURCE;
				MTL_FAST_MATH = YES;
				ONLY_ACTIVE_ARCH = YES;
				SDKROOT = iphoneos;
				SWIFT_ACTIVE_COMPILATION_CONDITIONS = DEBUG;
				SWIFT_OPTIMIZATION_LEVEL = "-Onone";
			};
			name = Debug;
		};
		8959CC92248E300A000AE96A /* Release */ = {
			isa = XCBuildConfiguration;
			buildSettings = {
				ALWAYS_SEARCH_USER_PATHS = NO;
				CLANG_ANALYZER_NONNULL = YES;
				CLANG_ANALYZER_NUMBER_OBJECT_CONVERSION = YES_AGGRESSIVE;
				CLANG_CXX_LANGUAGE_STANDARD = "gnu++14";
				CLANG_CXX_LIBRARY = "libc++";
				CLANG_ENABLE_MODULES = YES;
				CLANG_ENABLE_OBJC_ARC = YES;
				CLANG_ENABLE_OBJC_WEAK = YES;
				CLANG_WARN_BLOCK_CAPTURE_AUTORELEASING = YES;
				CLANG_WARN_BOOL_CONVERSION = YES;
				CLANG_WARN_COMMA = YES;
				CLANG_WARN_CONSTANT_CONVERSION = YES;
				CLANG_WARN_DEPRECATED_OBJC_IMPLEMENTATIONS = YES;
				CLANG_WARN_DIRECT_OBJC_ISA_USAGE = YES_ERROR;
				CLANG_WARN_DOCUMENTATION_COMMENTS = YES;
				CLANG_WARN_EMPTY_BODY = YES;
				CLANG_WARN_ENUM_CONVERSION = YES;
				CLANG_WARN_INFINITE_RECURSION = YES;
				CLANG_WARN_INT_CONVERSION = YES;
				CLANG_WARN_NON_LITERAL_NULL_CONVERSION = YES;
				CLANG_WARN_OBJC_IMPLICIT_RETAIN_SELF = YES;
				CLANG_WARN_OBJC_LITERAL_CONVERSION = YES;
				CLANG_WARN_OBJC_ROOT_CLASS = YES_ERROR;
				CLANG_WARN_RANGE_LOOP_ANALYSIS = YES;
				CLANG_WARN_STRICT_PROTOTYPES = YES;
				CLANG_WARN_SUSPICIOUS_MOVE = YES;
				CLANG_WARN_UNGUARDED_AVAILABILITY = YES_AGGRESSIVE;
				CLANG_WARN_UNREACHABLE_CODE = YES;
				CLANG_WARN__DUPLICATE_METHOD_MATCH = YES;
				COPY_PHASE_STRIP = NO;
				DEBUG_INFORMATION_FORMAT = "dwarf-with-dsym";
				ENABLE_NS_ASSERTIONS = NO;
				ENABLE_STRICT_OBJC_MSGSEND = YES;
				GCC_C_LANGUAGE_STANDARD = gnu11;
				GCC_NO_COMMON_BLOCKS = YES;
				GCC_WARN_64_TO_32_BIT_CONVERSION = YES;
				GCC_WARN_ABOUT_RETURN_TYPE = YES_ERROR;
				GCC_WARN_UNDECLARED_SELECTOR = YES;
				GCC_WARN_UNINITIALIZED_AUTOS = YES_AGGRESSIVE;
				GCC_WARN_UNUSED_FUNCTION = YES;
				GCC_WARN_UNUSED_VARIABLE = YES;
				IPHONEOS_DEPLOYMENT_TARGET = 13.4;
				MTL_ENABLE_DEBUG_INFO = NO;
				MTL_FAST_MATH = YES;
				SDKROOT = iphoneos;
				SWIFT_COMPILATION_MODE = wholemodule;
				SWIFT_OPTIMIZATION_LEVEL = "-O";
				VALIDATE_PRODUCT = YES;
			};
			name = Release;
		};
		8959CC94248E300A000AE96A /* Debug */ = {
			isa = XCBuildConfiguration;
			buildSettings = {
				ASSETCATALOG_COMPILER_APPICON_NAME = AppIcon;
				CODE_SIGN_STYLE = Automatic;
				DEVELOPMENT_TEAM = M4K7GTWCV2;
				INFOPLIST_FILE = CustomNavigationBar/Info.plist;
				LD_RUNPATH_SEARCH_PATHS = (
					"$(inherited)",
					"@executable_path/Frameworks",
				);
				PRODUCT_BUNDLE_IDENTIFIER = jb.K.CustomNavigationBar;
				PRODUCT_NAME = "$(TARGET_NAME)";
				SWIFT_VERSION = 5.0;
				TARGETED_DEVICE_FAMILY = "1,2";
			};
			name = Debug;
		};
		8959CC95248E300A000AE96A /* Release */ = {
			isa = XCBuildConfiguration;
			buildSettings = {
				ASSETCATALOG_COMPILER_APPICON_NAME = AppIcon;
				CODE_SIGN_STYLE = Automatic;
				DEVELOPMENT_TEAM = M4K7GTWCV2;
				INFOPLIST_FILE = CustomNavigationBar/Info.plist;
				LD_RUNPATH_SEARCH_PATHS = (
					"$(inherited)",
					"@executable_path/Frameworks",
				);
				PRODUCT_BUNDLE_IDENTIFIER = jb.K.CustomNavigationBar;
				PRODUCT_NAME = "$(TARGET_NAME)";
				SWIFT_VERSION = 5.0;
				TARGETED_DEVICE_FAMILY = "1,2";
			};
			name = Release;
		};
/* End XCBuildConfiguration section */

/* Begin XCConfigurationList section */
		8959CC7A248E3007000AE96A /* Build configuration list for PBXProject "CustomNavigationBar" */ = {
			isa = XCConfigurationList;
			buildConfigurations = (
				8959CC91248E300A000AE96A /* Debug */,
				8959CC92248E300A000AE96A /* Release */,
			);
			defaultConfigurationIsVisible = 0;
			defaultConfigurationName = Release;
		};
		8959CC93248E300A000AE96A /* Build configuration list for PBXNativeTarget "CustomNavigationBar" */ = {
			isa = XCConfigurationList;
			buildConfigurations = (
				8959CC94248E300A000AE96A /* Debug */,
				8959CC95248E300A000AE96A /* Release */,
			);
			defaultConfigurationIsVisible = 0;
			defaultConfigurationName = Release;
		};
/* End XCConfigurationList section */
	};
	rootObject = 8959CC77248E3007000AE96A /* Project object */;
}
